
Microsoft Visual Studio Solution File, Format Version 12.00
# Visual Studio Version 17
VisualStudioVersion = 17.0.31912.275
MinimumVisualStudioVersion = 10.0.40219.1
Project("{FAE04EC0-301F-11D3-BF4B-00C04F79EFBC}") = "Identity", "Identity\Identity.csproj", "{762A6CEE-1016-44CD-B162-8C07D2EDF9C3}"
EndProject
Global
	GlobalSection(SolutionConfigurationPlatforms) = preSolution
		Debug|Any CPU = Debug|Any CPU
		Release|Any CPU = Release|Any CPU
	EndGlobalSection
	GlobalSection(ProjectConfigurationPlatforms) = postSolution
		{762A6CEE-1016-44CD-B162-8C07D2EDF9C3}.Debug|Any CPU.ActiveCfg = Debug|Any CPU
		{762A6CEE-1016-44CD-B162-8C07D2EDF9C3}.Debug|Any CPU.Build.0 = Debug|Any CPU
		{762A6CEE-1016-44CD-B162-8C07D2EDF9C3}.Release|Any CPU.ActiveCfg = Release|Any CPU
		{762A6CEE-1016-44CD-B162-8C07D2EDF9C3}.Release|Any CPU.Build.0 = Release|Any CPU
	EndGlobalSection
	GlobalSection(SolutionProperties) = preSolution
		HideSolutionNode = FALSE
	EndGlobalSection
	GlobalSection(ExtensibilityGlobals) = postSolution
		SolutionGuid = {2DD698EE-904F-4608-B553-B3B9B89E4CD2}
	EndGlobalSection
EndGlobal
